
Microsoft Visual Studio Solution File, Format Version 12.00
# Visual Studio 14
VisualStudioVersion = 14.0.25123.0
MinimumVisualStudioVersion = 10.0.40219.1
Project("{FAE04EC0-301F-11D3-BF4B-00C04F79EFBC}") = "Projet Info Graphique", "WindowsFormsApplication1\Projet Info Graphique.csproj", "{583781D6-7963-4431-8D4C-75CD5C267A24}"
EndProject
Global
	GlobalSection(SolutionConfigurationPlatforms) = preSolution
		Debug|Any CPU = Debug|Any CPU
		Release|Any CPU = Release|Any CPU
	EndGlobalSection
	GlobalSection(ProjectConfigurationPlatforms) = postSolution
		{583781D6-7963-4431-8D4C-75CD5C267A24}.Debug|Any CPU.ActiveCfg = Debug|Any CPU
		{583781D6-7963-4431-8D4C-75CD5C267A24}.Debug|Any CPU.Build.0 = Debug|Any CPU
		{583781D6-7963-4431-8D4C-75CD5C267A24}.Release|Any CPU.ActiveCfg = Release|Any CPU
		{583781D6-7963-4431-8D4C-75CD5C267A24}.Release|Any CPU.Build.0 = Release|Any CPU
	EndGlobalSection
	GlobalSection(SolutionProperties) = preSolution
		HideSolutionNode = FALSE
	EndGlobalSection
EndGlobal
